{
  "version": "4",
  "specifiers": {
    "jsr:@slack/api@2.9.0": "2.9.0",
    "jsr:@slack/protocols@0.0.3": "0.0.3",
    "jsr:@std/cli@^1.0.4": "1.0.12",
    "jsr:@std/cli@~0.224.6": "0.224.7",
    "jsr:@std/collections@^1.0.5": "1.0.10",
    "jsr:@std/http@0.206": "0.206.0",
    "jsr:@std/http@0.206.0": "0.206.0",
    "jsr:@std/jsonc@^1.0.1": "1.0.1",
    "jsr:@std/path@^1.0.3": "1.0.6"
  },
  "jsr": {
    "@slack/api@2.9.0": {
      "integrity": "839dae672f4ff85a98cef7a5e0508943902ac4c1f74e0d072e954b96882fc4d9",
      "dependencies": [
        "jsr:@std/http@0.206"
      ]
    },
    "@slack/protocols@0.0.3": {
      "integrity": "59a1f824364d2e03f87aa57f88385be73f70d94a81d09f5f2fb4de476903bc85",
      "dependencies": [
        "jsr:@std/cli@~0.224.6"
      ]
    },
    "@std/cli@0.224.7": {
      "integrity": "654ca6477518e5e3a0d3fabafb2789e92b8c0febf1a1d24ba4b567aba94b5977"
    },
    "@std/cli@1.0.12": {
      "integrity": "e5cfb7814d189da174ecd7a34fbbd63f3513e24a1b307feb2fcd5da47a070d90"
    },
    "@std/collections@1.0.10": {
      "integrity": "903af106a3d92970d74e20f7ebff77d9658af9bef4403f1dc42a7801c0575899"
    },
    "@std/http@0.206.0": {
      "integrity": "8e172a7129339fb80e7c9b36fc6bc6c0dd3f22d02c48b081d5dcfdc37cd1ea38"
    },
    "@std/jsonc@1.0.1": {
      "integrity": "6b36956e2a7cbb08ca5ad7fbec72e661e6217c202f348496ea88747636710dda"
    },
    "@std/path@1.0.6": {
      "integrity": "ab2c55f902b380cf28e0eec501b4906e4c1960d13f00e11cfbcd21de15f18fed"
    }
  },
  "remote": {
    "https://deno.land/std@0.134.0/_deno_unstable.ts": "23a1a36928f1b6d3b0170aaa67de09af12aa998525f608ff7331b9fb364cbde6",
    "https://deno.land/std@0.134.0/_util/assert.ts": "e94f2eb37cebd7f199952e242c77654e43333c1ac4c5c700e929ea3aa5489f74",
    "https://deno.land/std@0.134.0/_util/os.ts": "49b92edea1e82ba295ec946de8ffd956ed123e2948d9bd1d3e901b04e4307617",
    "https://deno.land/std@0.134.0/collections/_utils.ts": "fd759867be7a0047a1fa89ec89f7b58ebe3f2f7f089a8f4e416eb30c5d764868",
    "https://deno.land/std@0.134.0/collections/deep_merge.ts": "19a37ef5a149688f9d9281f94545e2159424bacf47b67eb7ad8099b7f732ac48",
    "https://deno.land/std@0.134.0/flags/mod.ts": "9bd361fd5487f5e06cae4e0b5237a83c2908202f4a76944ba1312029f6c11b95",
    "https://deno.land/std@0.134.0/fs/_util.ts": "0fb24eb4bfebc2c194fb1afdb42b9c3dda12e368f43e8f2321f84fc77d42cb0f",
    "https://deno.land/std@0.134.0/fs/copy.ts": "9248d1492599957af8c693ceb10a432b09f0b0b61c60a4d6aff29b0c7d3a17b3",
    "https://deno.land/std@0.134.0/fs/empty_dir.ts": "7274d87160de34cbed0531e284df383045cf43543bbeadeb97feac598bd8f3c5",
    "https://deno.land/std@0.134.0/fs/ensure_dir.ts": "9dc109c27df4098b9fc12d949612ae5c9c7169507660dcf9ad90631833209d9d",
    "https://deno.land/std@0.134.0/fs/ensure_file.ts": "7d353e64fee3d4d1e7c6b6726a2a5e987ba402c15fb49566309042887349c545",
    "https://deno.land/std@0.134.0/fs/ensure_link.ts": "489e23df9fe3e6636048b5830ddf0f111eb29621eb85719255ad9bd645f3471b",
    "https://deno.land/std@0.134.0/fs/ensure_symlink.ts": "88dc83de1bc90ed883dd458c2d2eae3d5834a4617d12925734836e1f0803b274",
    "https://deno.land/std@0.134.0/fs/eol.ts": "b92f0b88036de507e7e6fbedbe8f666835ea9dcbf5ac85917fa1fadc919f83a5",
    "https://deno.land/std@0.134.0/fs/exists.ts": "cb734d872f8554ea40b8bff77ad33d4143c1187eac621a55bf37781a43c56f6d",
    "https://deno.land/std@0.134.0/fs/expand_glob.ts": "0c10130d67c9b02164b03df8e43c6d6defbf8e395cb69d09e84a8586e6d72ac3",
    "https://deno.land/std@0.134.0/fs/mod.ts": "4dc052c461c171abb5c25f6e0f218ab838a716230930b534ba351745864b7d6d",
    "https://deno.land/std@0.134.0/fs/move.ts": "0573cedcf583f09a9494f2dfccbf67de68a93629942d6b5e6e74a9e45d4e8a2e",
    "https://deno.land/std@0.134.0/fs/walk.ts": "117403ccd21fd322febe56ba06053b1ad5064c802170f19b1ea43214088fe95f",
    "https://deno.land/std@0.134.0/path/_constants.ts": "df1db3ffa6dd6d1252cc9617e5d72165cd2483df90e93833e13580687b6083c3",
    "https://deno.land/std@0.134.0/path/_interface.ts": "ee3b431a336b80cf445441109d089b70d87d5e248f4f90ff906820889ecf8d09",
    "https://deno.land/std@0.134.0/path/_util.ts": "c1e9686d0164e29f7d880b2158971d805b6e0efc3110d0b3e24e4b8af2190d2b",
    "https://deno.land/std@0.134.0/path/common.ts": "bee563630abd2d97f99d83c96c2fa0cca7cee103e8cb4e7699ec4d5db7bd2633",
    "https://deno.land/std@0.134.0/path/glob.ts": "cb5255638de1048973c3e69e420c77dc04f75755524cb3b2e160fe9277d939ee",
    "https://deno.land/std@0.134.0/path/mod.ts": "4275129bb766f0e475ecc5246aa35689eeade419d72a48355203f31802640be7",
    "https://deno.land/std@0.134.0/path/posix.ts": "663e4a6fe30a145f56aa41a22d95114c4c5582d8b57d2d7c9ed27ad2c47636bb",
    "https://deno.land/std@0.134.0/path/separator.ts": "fe1816cb765a8068afb3e8f13ad272351c85cbc739af56dacfc7d93d710fe0f9",
    "https://deno.land/std@0.134.0/path/win32.ts": "e7bdf63e8d9982b4d8a01ef5689425c93310ece950e517476e22af10f41a136e",
    "https://deno.land/std@0.224.0/assert/_constants.ts": "a271e8ef5a573f1df8e822a6eb9d09df064ad66a4390f21b3e31f820a38e0975",
    "https://deno.land/std@0.224.0/assert/assert.ts": "09d30564c09de846855b7b071e62b5974b001bb72a4b797958fe0660e7849834",
    "https://deno.land/std@0.224.0/assert/assert_almost_equals.ts": "9e416114322012c9a21fa68e187637ce2d7df25bcbdbfd957cd639e65d3cf293",
    "https://deno.land/std@0.224.0/assert/assert_array_includes.ts": "14c5094471bc8e4a7895fc6aa5a184300d8a1879606574cb1cd715ef36a4a3c7",
    "https://deno.land/std@0.224.0/assert/assert_equals.ts": "3bbca947d85b9d374a108687b1a8ba3785a7850436b5a8930d81f34a32cb8c74",
    "https://deno.land/std@0.224.0/assert/assert_exists.ts": "43420cf7f956748ae6ed1230646567b3593cb7a36c5a5327269279c870c5ddfd",
    "https://deno.land/std@0.224.0/assert/assert_false.ts": "3e9be8e33275db00d952e9acb0cd29481a44fa0a4af6d37239ff58d79e8edeff",
    "https://deno.land/std@0.224.0/assert/assert_greater.ts": "5e57b201fd51b64ced36c828e3dfd773412c1a6120c1a5a99066c9b261974e46",
    "https://deno.land/std@0.224.0/assert/assert_greater_or_equal.ts": "9870030f997a08361b6f63400273c2fb1856f5db86c0c3852aab2a002e425c5b",
    "https://deno.land/std@0.224.0/assert/assert_instance_of.ts": "e22343c1fdcacfaea8f37784ad782683ec1cf599ae9b1b618954e9c22f376f2c",
    "https://deno.land/std@0.224.0/assert/assert_is_error.ts": "f856b3bc978a7aa6a601f3fec6603491ab6255118afa6baa84b04426dd3cc491",
    "https://deno.land/std@0.224.0/assert/assert_less.ts": "60b61e13a1982865a72726a5fa86c24fad7eb27c3c08b13883fb68882b307f68",
    "https://deno.land/std@0.224.0/assert/assert_less_or_equal.ts": "d2c84e17faba4afe085e6c9123a63395accf4f9e00150db899c46e67420e0ec3",
    "https://deno.land/std@0.224.0/assert/assert_match.ts": "ace1710dd3b2811c391946954234b5da910c5665aed817943d086d4d4871a8b7",
    "https://deno.land/std@0.224.0/assert/assert_not_equals.ts": "78d45dd46133d76ce624b2c6c09392f6110f0df9b73f911d20208a68dee2ef29",
    "https://deno.land/std@0.224.0/assert/assert_not_instance_of.ts": "3434a669b4d20cdcc5359779301a0588f941ffdc2ad68803c31eabdb4890cf7a",
    "https://deno.land/std@0.224.0/assert/assert_not_match.ts": "df30417240aa2d35b1ea44df7e541991348a063d9ee823430e0b58079a72242a",
    "https://deno.land/std@0.224.0/assert/assert_not_strict_equals.ts": "37f73880bd672709373d6dc2c5f148691119bed161f3020fff3548a0496f71b8",
    "https://deno.land/std@0.224.0/assert/assert_object_match.ts": "411450fd194fdaabc0089ae68f916b545a49d7b7e6d0026e84a54c9e7eed2693",
    "https://deno.land/std@0.224.0/assert/assert_rejects.ts": "4bee1d6d565a5b623146a14668da8f9eb1f026a4f338bbf92b37e43e0aa53c31",
    "https://deno.land/std@0.224.0/assert/assert_strict_equals.ts": "b4f45f0fd2e54d9029171876bd0b42dd9ed0efd8f853ab92a3f50127acfa54f5",
    "https://deno.land/std@0.224.0/assert/assert_string_includes.ts": "496b9ecad84deab72c8718735373feb6cdaa071eb91a98206f6f3cb4285e71b8",
    "https://deno.land/std@0.224.0/assert/assert_throws.ts": "c6508b2879d465898dab2798009299867e67c570d7d34c90a2d235e4553906eb",
    "https://deno.land/std@0.224.0/assert/assertion_error.ts": "ba8752bd27ebc51f723702fac2f54d3e94447598f54264a6653d6413738a8917",
    "https://deno.land/std@0.224.0/assert/equal.ts": "bddf07bb5fc718e10bb72d5dc2c36c1ce5a8bdd3b647069b6319e07af181ac47",
    "https://deno.land/std@0.224.0/assert/fail.ts": "0eba674ffb47dff083f02ced76d5130460bff1a9a68c6514ebe0cdea4abadb68",
    "https://deno.land/std@0.224.0/assert/mod.ts": "48b8cb8a619ea0b7958ad7ee9376500fe902284bb36f0e32c598c3dc34cbd6f3",
    "https://deno.land/std@0.224.0/assert/unimplemented.ts": "8c55a5793e9147b4f1ef68cd66496b7d5ba7a9e7ca30c6da070c1a58da723d73",
    "https://deno.land/std@0.224.0/assert/unreachable.ts": "5ae3dbf63ef988615b93eb08d395dda771c96546565f9e521ed86f6510c29e19",
    "https://deno.land/std@0.224.0/fmt/colors.ts": "508563c0659dd7198ba4bbf87e97f654af3c34eb56ba790260f252ad8012e1c5",
    "https://deno.land/std@0.224.0/internal/diff.ts": "6234a4b493ebe65dc67a18a0eb97ef683626a1166a1906232ce186ae9f65f4e6",
    "https://deno.land/std@0.224.0/internal/format.ts": "0a98ee226fd3d43450245b1844b47003419d34d210fa989900861c79820d21c2",
    "https://deno.land/std@0.224.0/internal/mod.ts": "534125398c8e7426183e12dc255bb635d94e06d0f93c60a297723abe69d3b22e",
    "https://deno.land/std@0.99.0/_util/assert.ts": "2f868145a042a11d5ad0a3c748dcf580add8a0dbc0e876eaa0026303a5488f58",
    "https://deno.land/std@0.99.0/bytes/mod.ts": "1ae1ccfe98c4b979f12b015982c7444f81fcb921bea7aa215bf37d84f46e1e13",
    "https://deno.land/std@0.99.0/flags/mod.ts": "0994240ad009980e46bc3bb1314e9469c7241617e4345b27afc82097fdbef841",
    "https://deno.land/std@0.99.0/fmt/colors.ts": "db22b314a2ae9430ae7460ce005e0a7130e23ae1c999157e3bb77cf55800f7e4",
    "https://deno.land/std@0.99.0/io/buffer.ts": "3ead6bb11276ebcf093c403f74f67fd2205a515dbbb9061862c468ca56f37cd8",
    "https://deno.land/std@0.99.0/io/util.ts": "318be78b7954da25f0faffe123fef0d9423ea61af98467e860c06b60265eff6d",
    "https://deno.land/std@0.99.0/testing/_diff.ts": "961eaf6d9f5b0a8556c9d835bbc6fa74f5addd7d3b02728ba7936ff93364f7a3",
    "https://deno.land/std@0.99.0/testing/asserts.ts": "289b6ccf3b422ffb311cbf56996960d6530f8d8c0a7281803764c5ec672f9f9c",
    "https://deno.land/x/deno_slack_api@0.0.2/base-client.ts": "e13fcd9331430532dce9d331539d28ebea0530ccf94bff55d46c9f62275e36a5",
    "https://deno.land/x/deno_slack_api@0.0.2/types.ts": "d214ad7a85ec913266efa5aaae7e596d2b66e58058e2a00a01db61291aae4ba9",
    "https://deno.land/x/deno_slack_api@2.9.3/api-proxy.ts": "652c4e7cb1420b8c865347bcaeb78d3fd2ffd0f8f27215e2053de9176faa4e6f",
    "https://deno.land/x/deno_slack_api@2.9.3/base-client-helpers.ts": "0946472bffd91296337b75871a57d322de340f51d4dd8cd9331c017c6b892185",
    "https://deno.land/x/deno_slack_api@2.9.3/base-client.ts": "930e8b5bd17fa883ce872159a3a2f0757efada32fd37658154ef9d42fca3a678",
    "https://deno.land/x/deno_slack_api@2.9.3/generated/method-types/admin.ts": "3564a56c3b24ca9e983e6c9e23e27916f975387ad29c820ac5264861b035fa37",
    "https://deno.land/x/deno_slack_api@2.9.3/generated/method-types/api.ts": "b6e55651d5361c8014456ce7298577e24cc7f0e5b5778db7aa39b4bc52f6be6e",
    "https://deno.land/x/deno_slack_api@2.9.3/generated/method-types/apps.ts": "71a560384acc883de891499dd915209ed8fd99326649f649884c53c5f3fa7d8b",
    "https://deno.land/x/deno_slack_api@2.9.3/generated/method-types/auth.ts": "cdea87a7830ba10e0a764b9109e478ab6165d23a5ca74a865d7b4977c2e1b9a9",
    "https://deno.land/x/deno_slack_api@2.9.3/generated/method-types/bookmarks.ts": "1aad44f0727a7eaa0280ab6a27a663a8a70c978ba634ac00bff762f081cd81bc",
    "https://deno.land/x/deno_slack_api@2.9.3/generated/method-types/bots.ts": "0e2699db5370df05cae2346ea007f608935125bc4a606862362b5f058f6bab48",
    "https://deno.land/x/deno_slack_api@2.9.3/generated/method-types/calls.ts": "3eb2999441efe068abd5e68442d314db26258c5279b2ce678cc2b59187679417",
    "https://deno.land/x/deno_slack_api@2.9.3/generated/method-types/canvases.ts": "cc1f88eba36bd0a1f500848867d5fe3b21dec45ed2bfefcaafa8392ed608eb3f",
    "https://deno.land/x/deno_slack_api@2.9.3/generated/method-types/chat.ts": "696f7cb7cc3973a18778a0145e6682a6b93f9671d6f471dafe12dce7574d123d",
    "https://deno.land/x/deno_slack_api@2.9.3/generated/method-types/conversations.ts": "03ad2c927bea188b71a5d490a4e4a1fb74532ae80755787ce8543bacba443dd3",
    "https://deno.land/x/deno_slack_api@2.9.3/generated/method-types/dialog.ts": "875b2b8d127917a66b6e724d1de748657f18740c144e9a86c9a6ccbb555fe6cf",
    "https://deno.land/x/deno_slack_api@2.9.3/generated/method-types/dnd.ts": "745eb9579e9411bd293becd9afbc2e9081023e11326630b958eefecb3205ccc3",
    "https://deno.land/x/deno_slack_api@2.9.3/generated/method-types/emoji.ts": "564f752d28daac5843be7a43476a3c5aae23ce638532fe2522ab4159e3d7ab3a",
    "https://deno.land/x/deno_slack_api@2.9.3/generated/method-types/enterprise.ts": "5fa4016840d30c72e0f2581878f6a950f4cac006f82c956d12ed9898b61dabd0",
    "https://deno.land/x/deno_slack_api@2.9.3/generated/method-types/files.ts": "ee55b623452d87f370c2149bdcc903880115858a67786fc7ea55a2fe3a04c817",
    "https://deno.land/x/deno_slack_api@2.9.3/generated/method-types/migration.ts": "330a286b193af03481051f7404e6c6bdc5a9878208440219914cd648f27b7ab8",
    "https://deno.land/x/deno_slack_api@2.9.3/generated/method-types/mod.ts": "77ec44b5af61e2b3e0fcd93b1a0e4565d3427e4d66cd24267d3c3171354080ab",
    "https://deno.land/x/deno_slack_api@2.9.3/generated/method-types/oauth.ts": "a46048f7e2776798ecb57ab7b5d56c254b211030cb11a79d2354a90f3687473f",
    "https://deno.land/x/deno_slack_api@2.9.3/generated/method-types/openid.ts": "4fa53dff20dd1ab9fa824829ad6319c1432aef8fcdd87279bc75d44a5132f4d3",
    "https://deno.land/x/deno_slack_api@2.9.3/generated/method-types/pins.ts": "f5aaa7c8228fcd7d75d947c3b71c95c7c92eba473fd82ed457a42d30a2e7b93b",
    "https://deno.land/x/deno_slack_api@2.9.3/generated/method-types/reactions.ts": "4440795f4b6a05729bcccbdf409c885969e944104c3d5f92de03f4d2283c1aac",
    "https://deno.land/x/deno_slack_api@2.9.3/generated/method-types/reminders.ts": "b563c146e274fe13057033048efb13a1886b6e61a0bf44fb159a42fc7ff77fe1",
    "https://deno.land/x/deno_slack_api@2.9.3/generated/method-types/rtm.ts": "9235c6a110e1f05b136b8dbc0d4de5e122ebc45420d8a2c586462b84b26886b9",
    "https://deno.land/x/deno_slack_api@2.9.3/generated/method-types/search.ts": "f5a7544ec45c1676acc77407616b2d8d8d3e1a511a3e4ffda93555f0c9ae5893",
    "https://deno.land/x/deno_slack_api@2.9.3/generated/method-types/stars.ts": "c91f4154e907ea92fffd0e4834d1c9b0a919d23e89d6fe90d9f69b3f226b4b9f",
    "https://deno.land/x/deno_slack_api@2.9.3/generated/method-types/team.ts": "f06c485febac905e1e0b515f215619e25dd7088289d5abd36b3386a95b858ea4",
    "https://deno.land/x/deno_slack_api@2.9.3/generated/method-types/tooling.ts": "ec30c6fd91d05afb915d5851dae4bb4a742db1d40ed5fcc71a400d6deb2264b6",
    "https://deno.land/x/deno_slack_api@2.9.3/generated/method-types/usergroups.ts": "56e1c2827230443d27ee585d5c5629dd7024730c399969d0b70fa3bd8d64c1c6",
    "https://deno.land/x/deno_slack_api@2.9.3/generated/method-types/users.ts": "45ecbeea4cbd1880248aeb027acbe7f6467df084ae4214c0a3b068d99ac13357",
    "https://deno.land/x/deno_slack_api@2.9.3/generated/method-types/views.ts": "12ed9848a217b3ca83dd1378414c62a305711c7937635aed2bcc8af8838bcd75",
    "https://deno.land/x/deno_slack_api@2.9.3/generated/method-types/workflows.ts": "92a3a8f8bc6a7c121d4a7435eadc02e42a5d8a308709fdfddc5ae3c4fe373045",
    "https://deno.land/x/deno_slack_api@2.9.3/mod.ts": "bd5e786933654c7b703ad5edb637789cddd7d7f0379ba984713bfb74028f96e3",
    "https://deno.land/x/deno_slack_api@2.9.3/type-helpers.ts": "0b60b05f32096c8e1df045864cdca7bdb58acc68716076cf218dfe09a2677066",
    "https://deno.land/x/deno_slack_api@2.9.3/typed-method-types/apps.ts": "d6c6d96bdfe71d2c909a85ab94c53ee8fce060111ec458e7edbe2f30826755f3",
    "https://deno.land/x/deno_slack_api@2.9.3/typed-method-types/chat.ts": "82eacb46ac73b94f70f133f39b3882ee859340450bc48a0654b6296e96e220a0",
    "https://deno.land/x/deno_slack_api@2.9.3/typed-method-types/functions.ts": "ae49586555f976b36cb016ab352037d12f64cb5e3c1da7a983ce0c89b6617e6f",
    "https://deno.land/x/deno_slack_api@2.9.3/typed-method-types/mod.ts": "69bb7fcc49a2c460e23af200d187361a6a6ac1d43e6837df6e07f7c78d3e0119",
    "https://deno.land/x/deno_slack_api@2.9.3/typed-method-types/workflows/mod.ts": "cd9829a491cdd4747786473eb9c4757f761bf378a223518fce217377ee5d03fb",
    "https://deno.land/x/deno_slack_api@2.9.3/typed-method-types/workflows/triggers/base_response.ts": "014bc56ced8f2c847d0d65aa94ef989fdd3fc45af40b9cb042daf7f61ddeca96",
    "https://deno.land/x/deno_slack_api@2.9.3/typed-method-types/workflows/triggers/event-data/app_mentioned.ts": "1ae0290e58b48c889e287c937add07e775827304f8fb16cbbb857bc62a2f6e6f",
    "https://deno.land/x/deno_slack_api@2.9.3/typed-method-types/workflows/triggers/event-data/channel_archived.ts": "af7e8ea0fa1ab0c26b2dd4b130760a836fb575faedf564ff08010f209b7410a3",
    "https://deno.land/x/deno_slack_api@2.9.3/typed-method-types/workflows/triggers/event-data/channel_created.ts": "662d8c3793bcecdc4972e955517e81db68baec3746c10300ed9d03bd7e6c0836",
    "https://deno.land/x/deno_slack_api@2.9.3/typed-method-types/workflows/triggers/event-data/channel_deleted.ts": "b7a2ab9e955d2c67c6289d7670f8bd01d047258b29357379db3b7d403a339cf2",
    "https://deno.land/x/deno_slack_api@2.9.3/typed-method-types/workflows/triggers/event-data/channel_renamed.ts": "58c24363ee107937e63dc9fe0a1fbfe4856582faa55a1b5e6fa4f2931ff43332",
    "https://deno.land/x/deno_slack_api@2.9.3/typed-method-types/workflows/triggers/event-data/channel_shared.ts": "613136132bcf169d2d5e51921b751f28e807427ac0768cd98aa9ad5e2a395593",
    "https://deno.land/x/deno_slack_api@2.9.3/typed-method-types/workflows/triggers/event-data/channel_unarchived.ts": "242b851de27d4b8c326d19a87d0ed2fa9254972eed0534976255a7ad4f6a261b",
    "https://deno.land/x/deno_slack_api@2.9.3/typed-method-types/workflows/triggers/event-data/channel_unshared.ts": "50ae64f037fbee1fa33d512e6bbe903dc41515d3e2e841f9a3987633dfd33f4a",
    "https://deno.land/x/deno_slack_api@2.9.3/typed-method-types/workflows/triggers/event-data/common-objects/all_triggers.ts": "61832e19ed1accbfe2ab5cd394fc8be837051ab054f3504085018bc39bae30f7",
    "https://deno.land/x/deno_slack_api@2.9.3/typed-method-types/workflows/triggers/event-data/common-objects/shared_channel_invite.ts": "6d9f6cf86f16daf6d17fb3441bccc8c3988f3e62d27d9aac9fec35f3e5be223e",
    "https://deno.land/x/deno_slack_api@2.9.3/typed-method-types/workflows/triggers/event-data/dnd_updated.ts": "320fd76259c62c1d866474151e44096a944d575ab91a3f0c90ec626e50d8d1c3",
    "https://deno.land/x/deno_slack_api@2.9.3/typed-method-types/workflows/triggers/event-data/emoji_changed.ts": "cc82e5901a130f41a167d6eb66f378e030f08510aaa09a06210a44b222a0020a",
    "https://deno.land/x/deno_slack_api@2.9.3/typed-method-types/workflows/triggers/event-data/message_metadata_posted.ts": "6e6a0a4ff5bdab19ce4fc899c9e267522bee62886bc306d999abab42cdf4e50b",
    "https://deno.land/x/deno_slack_api@2.9.3/typed-method-types/workflows/triggers/event-data/message_posted.ts": "ddb16cf89c211682c5a0e178360840f335f1daeca9e062725c3a02e9f933db2d",
    "https://deno.land/x/deno_slack_api@2.9.3/typed-method-types/workflows/triggers/event-data/mod.ts": "b9d639c048e76b7fca4ec952e9f660f3ea3fbff32ae03611c56a0297a01dce20",
    "https://deno.land/x/deno_slack_api@2.9.3/typed-method-types/workflows/triggers/event-data/pin_added.ts": "48f4c71dc4492e01c827e5e0f1b15cc1ef46f36a668fb81afdbaf2480412f8f7",
    "https://deno.land/x/deno_slack_api@2.9.3/typed-method-types/workflows/triggers/event-data/pin_removed.ts": "9f8ddbfa58e69d6fa63b885d3049d9583ad5aebf4c1932e87223b61a37425f48",
    "https://deno.land/x/deno_slack_api@2.9.3/typed-method-types/workflows/triggers/event-data/reaction_added.ts": "0255d3bde9f4814f9e8a829e946da109a5724a2ad2861d5ced5cfff5e5b826a7",
    "https://deno.land/x/deno_slack_api@2.9.3/typed-method-types/workflows/triggers/event-data/reaction_removed.ts": "0cc4fc0485a15e07c1a6b2e7a8bdd812a748d7f60c89f463b383aeda611ae9ab",
    "https://deno.land/x/deno_slack_api@2.9.3/typed-method-types/workflows/triggers/event-data/shared_channel_invite_accepted.ts": "6115022f4f76bddf8730ca08178cdff34522c41326ed7bf5e6b8d80dc675bc29",
    "https://deno.land/x/deno_slack_api@2.9.3/typed-method-types/workflows/triggers/event-data/shared_channel_invite_approved.ts": "a60f594df965ce1d04e49731ee5cfc7e8e0ac44c30b43dca1fb36ea3b35333fb",
    "https://deno.land/x/deno_slack_api@2.9.3/typed-method-types/workflows/triggers/event-data/shared_channel_invite_declined.ts": "9054be8ed0749130776bf907eedb625953b340674838ea85a796d988d5328ae6",
    "https://deno.land/x/deno_slack_api@2.9.3/typed-method-types/workflows/triggers/event-data/shared_channel_invite_received.ts": "4781e9312b2d5eb7e11c5335666b2ca7f878146c21f4cbe47e929175ae1d775d",
    "https://deno.land/x/deno_slack_api@2.9.3/typed-method-types/workflows/triggers/event-data/user_joined_channel.ts": "054de42b0f8ff466e7e7bdfdfb74a8184c89e3c8b3fd5b9eda94e948ee3c97ff",
    "https://deno.land/x/deno_slack_api@2.9.3/typed-method-types/workflows/triggers/event-data/user_joined_team.ts": "5a83e51ddc80e1b41a24cac10d49f91347b16457a5fa6ed159d7a49804ec64d8",
    "https://deno.land/x/deno_slack_api@2.9.3/typed-method-types/workflows/triggers/event-data/user_left_channel.ts": "517bfd252e0b77ee0f6956d8cd2d9fff562953ab8b2631c2c0a3460bf9cacb75",
    "https://deno.land/x/deno_slack_api@2.9.3/typed-method-types/workflows/triggers/event.ts": "ff63c073d5451afa9699fad90688b0eb09a4f349b675e15605cade2324fb0647",
    "https://deno.land/x/deno_slack_api@2.9.3/typed-method-types/workflows/triggers/inputs.ts": "fb3394f6a94e322bc3d843d2c2300c44ea9afdbadf6264bc60a5d7b87d61417c",
    "https://deno.land/x/deno_slack_api@2.9.3/typed-method-types/workflows/triggers/mod.ts": "55733a86f562cd390c2b497e3179ca1bcefc63d84a44988ad085dee1e819a057",
    "https://deno.land/x/deno_slack_api@2.9.3/typed-method-types/workflows/triggers/scheduled-data.ts": "b603338ce0df307a2051f61b951d65ea98b6862b2337e1d930b7c7a7b4ada9af",
    "https://deno.land/x/deno_slack_api@2.9.3/typed-method-types/workflows/triggers/scheduled.ts": "230e6dfc6ea8a24e58c960738e418a6ad82346fff628f7f262ab2bb4e9fb581a",
    "https://deno.land/x/deno_slack_api@2.9.3/typed-method-types/workflows/triggers/shortcut-data.ts": "090aa1d57e8c37e39c1fad738c8a63918689cdab8fbf9ce812a3a0881c2995ee",
    "https://deno.land/x/deno_slack_api@2.9.3/typed-method-types/workflows/triggers/shortcut.ts": "7d27d85814f3daaa9a2e8d27bd1591a24c62851e46dff4373158a34a669086ea",
    "https://deno.land/x/deno_slack_api@2.9.3/typed-method-types/workflows/triggers/trigger-event-types.ts": "e2c315e208d8b8d076282ed292b213a1d555e99217000f0988ce8225e98c5296",
    "https://deno.land/x/deno_slack_api@2.9.3/typed-method-types/workflows/triggers/trigger-filter.ts": "db0583587e893b9dd4e30e1e413c5b177ac032c9053510bcdbd3d099b23130b6",
    "https://deno.land/x/deno_slack_api@2.9.3/typed-method-types/workflows/triggers/webhook.ts": "3aabfdc8daafd63dfe9db205811874256865130a31715d01117059c5bef6f351",
    "https://deno.land/x/deno_slack_api@2.9.3/types.ts": "bf747eb40d16c152f73c0e865f9e745990047236331fab179d6d0f69899324eb",
    "https://deno.land/x/deno_slack_builder@0.0.14/deps.ts": "ebb520f231469d7e30a24989176b682edb9472b3b61ee5d5f31bba838b6867d7",
    "https://deno.land/x/deno_slack_builder@0.0.14/manifest.ts": "ccd69860785a4e3893771bf63f32c875cae499117c63e6e2d0645f4f45e891d3",
    "https://deno.land/x/deno_slack_builder@0.0.14/types.ts": "e0f78f177266609b57fffa96c4aa020a4d3b0ea7fe5db53aaea5cadad1bc3b22",
    "https://deno.land/x/deno_slack_hooks@1.3.2/get_manifest.ts": "1eda87744f65d9bf0b81a0f3b8510657f40e6b2e7549bf843fc097a896c8686e",
    "https://deno.land/x/deno_slack_hooks@1.3.2/utilities.ts": "536c5fb3551bb0b796534375ba3becf82c5e1aaa775daf747fd077b1f503d930",
    "https://deno.land/x/deno_slack_hooks@1.5.0/flags.ts": "46c5e4281aa3e3d1fd794bd77eaef2bd120d331abec8cb7924570e8fe2e7e59b",
    "https://deno.land/x/deno_slack_hooks@1.5.0/get_manifest.ts": "3fbdbd34ebc78007a8e528d6e5784b3a26b59dc96461d22376aa220e76dfd5de",
    "https://deno.land/x/deno_slack_hooks@1.5.0/libraries.ts": "8e8d49d42fcfb69e39c91cb44d1f6a1400741b694bebf39e6adab6e9459c1122",
    "https://deno.land/x/deno_slack_hooks@1.5.0/mod.ts": "44be92a67a85191d064048af08d8bf4854c0195eabfe72bffdd4ce4ada3cb84f",
    "https://deno.land/x/deno_slack_hooks@1.5.0/utilities.ts": "2227ab599f2e716940da6b0ab4d3628b66d63c95b05af56768045b0e126bbe29",
    "https://deno.land/x/deno_slack_hooks@1.5.0/version.ts": "5e84845fa9c8be90d9a404bce266cef1b2b06ac46fa872dc4c37e26fb6bef29c",
    "https://deno.land/x/deno_slack_protocols@0.0.2/deps.ts": "8ff2d185ecc28403588fdc108c58bb5d77181a67f209af29932ec1029cbf94e6",
    "https://deno.land/x/deno_slack_protocols@0.0.2/mod.ts": "9de77fa9a0ccb7ca74b84e674c3fae7675ed487ff98a82d39a865f59f7df28e3",
    "https://deno.land/x/deno_slack_runtime@1.1.3/deps.ts": "5a3335a75835ce9083e683073424a5ce10b043417e65ec8483bb65a4e79f7bc7",
    "https://deno.land/x/deno_slack_runtime@1.1.3/dispatch-payload.ts": "19b1a0c5277ec781b7db382700a84a7543a4b23ef448df49e31a557694c85842",
    "https://deno.land/x/deno_slack_runtime@1.1.3/load-function-module.ts": "ea56f04518c2b416dcb7c1e1f8dfefbb9c51e4496230cd4d7af59cf240c73102",
    "https://deno.land/x/deno_slack_runtime@1.1.3/local-run-function.ts": "8cd5c776ba15ad471fe088218636fd0bcbbfa4d563ea8c3ed4f0dcfa412bdace",
    "https://deno.land/x/deno_slack_runtime@1.1.3/local-run.ts": "e37282ecf409582b4d42ff76ded882116ca3a866c4cff360d178e6ee18a84e60",
    "https://deno.land/x/deno_slack_runtime@1.1.3/parse-payload.ts": "c0fef29b8d23f69c4670b24eb950b6ce94b0750bdc718b0df24b2622bfa7be05",
    "https://deno.land/x/deno_slack_runtime@1.1.3/run-block-actions.ts": "7f91cdb8b0c2e1045049dbf96d65e82d144fee28a159b971ffc821ef0b782db4",
    "https://deno.land/x/deno_slack_runtime@1.1.3/run-block-suggestion.ts": "02ac9f3b628b548fc48e79e2f64816b0d7d923d0b0aeb0cb2aeb16b9d7032d1b",
    "https://deno.land/x/deno_slack_runtime@1.1.3/run-function.ts": "3be7d60ed00577078d2d1e2fa3644a3b0d6ca9a0fbbbd20ad27606cd348d10b6",
    "https://deno.land/x/deno_slack_runtime@1.1.3/run-unhandled-event.ts": "51a8b1967d312a66df35c4b286f26533ed14c99b9432881179b49c1274c5374c",
    "https://deno.land/x/deno_slack_runtime@1.1.3/run-view-closed.ts": "2f35ed418fa2115bd1fc88cc531e7d1b037d3d5d63cdb1ec941313a77feeb0cd",
    "https://deno.land/x/deno_slack_runtime@1.1.3/run-view-submission.ts": "8d43247fdca14674422a4c8d3460c83b70c3694c5c3be52db34969af3a211df6",
    "https://deno.land/x/deno_slack_runtime@1.1.3/types.ts": "9e602cb318460c44e3329b3e448e325a548bb4f97b22aa6f32fead0aeb547579",
    "https://deno.land/x/deno_slack_sdk@2.15.2/datastore/mod.ts": "0ebd6667a26e253c25c557ae1a091099d725d3fd940a07abddd11d8861aa8c58",
    "https://deno.land/x/deno_slack_sdk@2.15.2/datastore/types.ts": "73600c213b14bdd76cd7349c19fb01050dc8a4e4d94b5ad02bfcbc05d2a39039",
    "https://deno.land/x/deno_slack_sdk@2.15.2/deps.ts": "affcd19fdc0901250e632d696764d7f8c69d9bd52fb084d146de47ed45877b46",
    "https://deno.land/x/deno_slack_sdk@2.15.2/events/mod.ts": "7ffc1f246917ce4b89c4ca44406651b4c3e68754152c62c70d2dd2c7892a3914",
    "https://deno.land/x/deno_slack_sdk@2.15.2/events/types.ts": "de8d4e442a48a4dacc9967ab8475efbafa1cd648ace7641c0cc14aa9e1660049",
    "https://deno.land/x/deno_slack_sdk@2.15.2/functions/definitions/connector-function.ts": "3e7fad386c9f55a60e59a9c5ffa823b75543f2e74a33cbcb198775bdd5fd2d68",
    "https://deno.land/x/deno_slack_sdk@2.15.2/functions/definitions/mod.ts": "6952be0d4143c7d270d68dfa4b7386d1b89dc64a01834b6b2b56652ff040fbfe",
    "https://deno.land/x/deno_slack_sdk@2.15.2/functions/definitions/slack-function.ts": "2ac424f54ee78b0db7101d4c2bedd6e307442a103b0c89ab732be9e883287979",
    "https://deno.land/x/deno_slack_sdk@2.15.2/functions/enrich-context.ts": "99f7829a7a3ba9208441469b41c7bd1c544af67023777562dcbb7eae3e3bb44d",
    "https://deno.land/x/deno_slack_sdk@2.15.2/functions/interactivity/block_actions_router.ts": "c68838ce4daac27de46e6c6ca5ccb58e55c62c71e76d889020360847152de3d0",
    "https://deno.land/x/deno_slack_sdk@2.15.2/functions/interactivity/block_actions_types.ts": "f0fbf98b1a7cff87a9f7212013adbdba1fc04061594f4aa16c892392f37dc06e",
    "https://deno.land/x/deno_slack_sdk@2.15.2/functions/interactivity/block_kit_types.ts": "0039f07e0d995320209464fcd8378b65c25f70882b64601db1fb5abc2dd22f66",
    "https://deno.land/x/deno_slack_sdk@2.15.2/functions/interactivity/block_suggestion_router.ts": "da157f2c9e42ce389385c2e4f94c729ce7377d224cef317a864018d4c9e162e4",
    "https://deno.land/x/deno_slack_sdk@2.15.2/functions/interactivity/block_suggestion_types.ts": "c00cf24d95457db49a09c3984ee1455177cb9c8170b85867fe0e5ce72dbd2bdb",
    "https://deno.land/x/deno_slack_sdk@2.15.2/functions/interactivity/matchers.ts": "909233f044fa65c67eb85eebf6c0a2961d2ae6fbb12a86348208c9b15dfa331c",
    "https://deno.land/x/deno_slack_sdk@2.15.2/functions/interactivity/mod.ts": "5604798760bc73e105268719c9c569bb3037a82710e694d4761827506d5f5d6a",
    "https://deno.land/x/deno_slack_sdk@2.15.2/functions/interactivity/types.ts": "db9185e9f718ddd517779ee720345ab21855addf4364bdc5071702df5d1cbcd9",
    "https://deno.land/x/deno_slack_sdk@2.15.2/functions/interactivity/view_router.ts": "01f7db0a472c530233b606d17aee5dbd126c0e84694ac3174ce82c0543837bcf",
    "https://deno.land/x/deno_slack_sdk@2.15.2/functions/interactivity/view_types.ts": "aaf539ec8aaf8a7d11a5ccabdac5b95a1cd414cc64b9127ec3559a7eec6948c9",
    "https://deno.land/x/deno_slack_sdk@2.15.2/functions/mod.ts": "c3aa1e8da84ea58a41e55ed8bca1d2158dc2ed867af0b9401911f4de78d11e54",
    "https://deno.land/x/deno_slack_sdk@2.15.2/functions/slack-function.ts": "68a7eebc77b551bbd15a2080cf7eff8761617d184d1bce891d26c838d6fb8770",
    "https://deno.land/x/deno_slack_sdk@2.15.2/functions/tester/mod.ts": "151684a70a58558aa7c87743696f7c13c78468d859d38301afe0cd2194892161",
    "https://deno.land/x/deno_slack_sdk@2.15.2/functions/tester/types.ts": "bdcdd257e6176aa722523c40c446d237a6a214e87fa5197c2266a05daf851f86",
    "https://deno.land/x/deno_slack_sdk@2.15.2/functions/types.ts": "8cd41ec4ea3ec26766d5e882ce8a06996df0d11a396f46e5dd5145d07632e4d3",
    "https://deno.land/x/deno_slack_sdk@2.15.2/functions/unhandled-event-error.ts": "2b5405ef45cc6ea512863d570461a5b26383a9f3857070d4001b6e819958ff58",
    "https://deno.land/x/deno_slack_sdk@2.15.2/manifest/errors.ts": "a8d78f34bc1f7fefef1e9498dca6b5428c93edb0b9b75712474f799d56adeb0d",
    "https://deno.land/x/deno_slack_sdk@2.15.2/manifest/manifest_schema.ts": "6fe4354b2e85d6b3581a8805c9cb7df204bb0f7d6034bda312982bfcc2ad7a06",
    "https://deno.land/x/deno_slack_sdk@2.15.2/manifest/mod.ts": "94c7dc89289aae29a10802a15509c7b3fc94ea886873bc011746b75c85897920",
    "https://deno.land/x/deno_slack_sdk@2.15.2/manifest/types.ts": "ba7a8a82713e429b281bf3f00635b5d4c8ffa7a705993e5d46288bb769c33e28",
    "https://deno.land/x/deno_slack_sdk@2.15.2/manifest/types_util.ts": "bfa92f42a4fbe7ec611a3bfb6e105271dca37aacf9fd261518830739392d2400",
    "https://deno.land/x/deno_slack_sdk@2.15.2/mod.ts": "e75a6e5c0898bd65f7ef9e0d962741b05a439c2f15a8a9c5e025508aab34672f",
    "https://deno.land/x/deno_slack_sdk@2.15.2/parameters/define_property.ts": "0fb5efd431d14a5dc94f416073788217d9b3479b190471bdcb174eb727dd7cd2",
    "https://deno.land/x/deno_slack_sdk@2.15.2/parameters/definition_types.ts": "73c57bcc0cdd6c853f7a807962ed90fbb84d9728205e5c637a1088b3813f81e3",
    "https://deno.land/x/deno_slack_sdk@2.15.2/parameters/mod.ts": "49091f663187e57029df3da37ca37528ee7cebdf6a5fdead48bccc42678a5a2c",
    "https://deno.land/x/deno_slack_sdk@2.15.2/parameters/param.ts": "c3aaf417889807748bd48f362dac0779a799e73bcf0ef60ea6a9218f0af4ffa7",
    "https://deno.land/x/deno_slack_sdk@2.15.2/parameters/types.ts": "6fa966e3727c09921ab4fc470086ccbb3ea4dfc51b13bbb660af617b8c46049a",
    "https://deno.land/x/deno_slack_sdk@2.15.2/parameters/with-untyped-object-proxy.ts": "3f4a95b9329e203b1cf5719aeb088d9079a4e049c86ec8d1f1cc679337beafd4",
    "https://deno.land/x/deno_slack_sdk@2.15.2/providers/oauth2/mod.ts": "b9f5542f266b8edd411ccd762c559b8fcabba9f748475ae10065ca19480e25fd",
    "https://deno.land/x/deno_slack_sdk@2.15.2/providers/oauth2/types.ts": "a662dd136e6ff68a020bb4cbb6d406d7ee098b6d3933f99b5802de70ba481c34",
    "https://deno.land/x/deno_slack_sdk@2.15.2/schema/mod.ts": "d787340679febcd2c7e347add9b9d6bb0e9e9f77dbf8fc3275c789ad16a5b676",
    "https://deno.land/x/deno_slack_sdk@2.15.2/schema/providers/mod.ts": "956fb122f6644ec922190b8a9bab305b7729cc403e5a89e85a10a5349366db04",
    "https://deno.land/x/deno_slack_sdk@2.15.2/schema/providers/oauth2/mod.ts": "0e345db222d41e786ec057f03693f2d497a694278886939282312d77e0a3cbe6",
    "https://deno.land/x/deno_slack_sdk@2.15.2/schema/providers/oauth2/types.ts": "52a8cb45408859f801ad5d4220e5491eaf48057f2757eb1f55d2e4edab265898",
    "https://deno.land/x/deno_slack_sdk@2.15.2/schema/schema_types.ts": "4fca3cba43149e6812bd6059e8557c7f50aae836e4971f3cf4d0a4198d4d786f",
    "https://deno.land/x/deno_slack_sdk@2.15.2/schema/slack/functions/add_bookmark.ts": "85e765e329434b1f4728aead2797938763da548b57bea5b335617c6444e99fd6",
    "https://deno.land/x/deno_slack_sdk@2.15.2/schema/slack/functions/add_pin.ts": "fcec151ddd082d425c10092214f885c60370470c11d0c10f0b76f3d135f4082d",
    "https://deno.land/x/deno_slack_sdk@2.15.2/schema/slack/functions/add_reaction.ts": "3bd5aebca5a5b2e750d899569d1fe40a059480ef5d91a7037d2e38a33f51b159",
    "https://deno.land/x/deno_slack_sdk@2.15.2/schema/slack/functions/add_user_to_usergroup.ts": "944222417abd8d4b2d764a9236c79974fe29fc9cac9bb2de54efea19ec549106",
    "https://deno.land/x/deno_slack_sdk@2.15.2/schema/slack/functions/archive_channel.ts": "8ab077790bbe30c49c6a2c4d652d1f7a05cc0729e4649c8cc8802e37cc64cd88",
    "https://deno.land/x/deno_slack_sdk@2.15.2/schema/slack/functions/canvas_copy.ts": "51d059807a9c4d0d9e64d644c4aded8f85ce7e23c2dec97bd133f419d5eb9382",
    "https://deno.land/x/deno_slack_sdk@2.15.2/schema/slack/functions/canvas_create.ts": "c4eec582862d41e282c915d0f2362d18c90bfe52569ef85556df9baf31f75493",
    "https://deno.land/x/deno_slack_sdk@2.15.2/schema/slack/functions/canvas_update_content.ts": "cd11cc16e185bf7418a4ed31019ce2598ac020b7785837bf1ba1a10059b484ed",
    "https://deno.land/x/deno_slack_sdk@2.15.2/schema/slack/functions/channel_canvas_create.ts": "11f3bc2321f8e6adc8a80c4b3a463bee2f3917ffc06d8e37d508646316fa46cc",
    "https://deno.land/x/deno_slack_sdk@2.15.2/schema/slack/functions/create_channel.ts": "8b21fdf248bc25581953e63b54b1b62d594d651e843cead92224516e6c0e1f7d",
    "https://deno.land/x/deno_slack_sdk@2.15.2/schema/slack/functions/create_usergroup.ts": "e524714bb6b1691cedfef928f81647b61b8da95a52b5259b084fdfce7f9bb82c",
    "https://deno.land/x/deno_slack_sdk@2.15.2/schema/slack/functions/delay.ts": "d0eb2f6678f34763e9a58ae3898015b21c751d9ab2d4d133e5c94d2f3cc87083",
    "https://deno.land/x/deno_slack_sdk@2.15.2/schema/slack/functions/invite_user_to_channel.ts": "bd7696e45a42fa62638d60cda93902303fddf02d02e2121c56337061c8843365",
    "https://deno.land/x/deno_slack_sdk@2.15.2/schema/slack/functions/mod.ts": "38c59d73134d81a63d760580a395d9f03e5806e9186e9fbd0f2b1dc8f6dbc593",
    "https://deno.land/x/deno_slack_sdk@2.15.2/schema/slack/functions/open_form.ts": "e1c5562f62c2f9b757555978c774ec5f5e1b5d86a56c194aa4f94c4ef3b02824",
    "https://deno.land/x/deno_slack_sdk@2.15.2/schema/slack/functions/remove_reaction.ts": "9c89bb6ceafa3e10d0f7a977115d110fbb3a343aac8082fe2d35535a2ea90d46",
    "https://deno.land/x/deno_slack_sdk@2.15.2/schema/slack/functions/remove_user_from_usergroup.ts": "9dbd6eec6efddd751c86b22c8bd6ac1cad0dddf070f34e8e6a9bc882e3492e22",
    "https://deno.land/x/deno_slack_sdk@2.15.2/schema/slack/functions/reply_in_thread.ts": "03a38d7cfaf24fd5db81d81fbe0a2e4a1b3c2fff9bd7c7420aae3666c894eee9",
    "https://deno.land/x/deno_slack_sdk@2.15.2/schema/slack/functions/send_dm.ts": "a6392d1dc4851f11504e982093154715588dd7f4aee924e21ef3b7ee20ecc095",
    "https://deno.land/x/deno_slack_sdk@2.15.2/schema/slack/functions/send_ephemeral_message.ts": "5e81086b4a7a1e12111699e168cbe312b9167b01b1976245b209fe4bfdfc1306",
    "https://deno.land/x/deno_slack_sdk@2.15.2/schema/slack/functions/send_message.ts": "e04089cd65217b98dd5176d1abe022a836f34bb2ea640e3ccdd34544b755a333",
    "https://deno.land/x/deno_slack_sdk@2.15.2/schema/slack/functions/share_canvas.ts": "c9c45eee2625e963102d46befd404f3e9f887b3f036ee731c9a1324706dc6f34",
    "https://deno.land/x/deno_slack_sdk@2.15.2/schema/slack/functions/share_canvas_in_thread.ts": "1a67e388acd3cf9f52b2e1050274935d1c73380ab740d2a41801d20edeafd7cc",
    "https://deno.land/x/deno_slack_sdk@2.15.2/schema/slack/functions/update_channel_topic.ts": "776a35804ae2fd4f6dd14d43deb5b71ae20605e565b72f0186e6638416e77802",
    "https://deno.land/x/deno_slack_sdk@2.15.2/schema/slack/mod.ts": "1156376a4f574163fdf2f55c40bfad7fd94890b260ecd2fe3172d90be1acc4b4",
    "https://deno.land/x/deno_slack_sdk@2.15.2/schema/slack/schema_types.ts": "bc7f1dd20b771f20e41b130f8a365e2d478616e0d13a0d9b5213d7f8735f5b6a",
    "https://deno.land/x/deno_slack_sdk@2.15.2/schema/slack/types/custom/form_input.ts": "6d7c090c70b8a9aea69a2d833dc9b62388ebb712207e4d3cbbef54baf8504099",
    "https://deno.land/x/deno_slack_sdk@2.15.2/schema/slack/types/custom/interactivity.ts": "c05bad64cc53253dc170c313257c79e310680891c8f52a77e2edcfa28d64569b",
    "https://deno.land/x/deno_slack_sdk@2.15.2/schema/slack/types/custom/message_context.ts": "01bb3016ce8bf7160aa3549cecb04b46b1d421e78b6f3b7fe7fd7b3bad7372fb",
    "https://deno.land/x/deno_slack_sdk@2.15.2/schema/slack/types/custom/mod.ts": "3407a1f499aa5bc0e0a6bb6b96d83633f2242501c8ebe24ec9796e2a464ed579",
    "https://deno.land/x/deno_slack_sdk@2.15.2/schema/slack/types/custom/user_context.ts": "be7b276e59fa272f5bf393c30bd29bfd6833ff9f822ad529ee1f3cd477a13db6",
    "https://deno.land/x/deno_slack_sdk@2.15.2/schema/slack/types/mod.ts": "9dc1ea308c31d8680ddce25efa64fa313839230c479013f6dc2cf7bc47c312ba",
    "https://deno.land/x/deno_slack_sdk@2.15.2/type_utils.ts": "d43153d45423640ea6c15ece54677da216a809afac25f7eb79706748e1447535",
    "https://deno.land/x/deno_slack_sdk@2.15.2/types.ts": "94624bb73ae39131c464133547c9d707a7cd8a4a758c1bf46285a3e77c449254",
    "https://deno.land/x/deno_slack_sdk@2.15.2/types/mod.ts": "3e20ff8d0591517f9681603dbe9d80f81d134deb0680bea5467ad0a8d48e1eb3",
    "https://deno.land/x/deno_slack_sdk@2.15.2/types/types.ts": "a7ecc66fc9fcadd27697b9b99c13c0a86e900e1636888ac24a99f9d120907521",
    "https://deno.land/x/deno_slack_sdk@2.15.2/workflows/mod.ts": "90df4720453a11d09ae244a8af76145300a44acb3c3286718a2abd9806c0435e",
    "https://deno.land/x/deno_slack_sdk@2.15.2/workflows/types.ts": "eb287a849bb480b5f3b923f323da32fe2848e8675a2b3a5617ba3630008bbbaa",
    "https://deno.land/x/deno_slack_sdk@2.15.2/workflows/workflow-step.ts": "1c29fc55cae091521b2c1b30eb82ede4035d9b5575eac09d6489367ce095b67f"
  },
  "workspace": {
    "dependencies": [
      "jsr:@std/http@0.206.0"
    ]
  }
}
